
Microsoft Visual Studio Solution File, Format Version 10.00
# Visual Studio 2008
Project("{FAE04EC0-301F-11D3-BF4B-00C04F79EFBC}") = "JspHashcodMarker", "JspHashcodMarker\JspHashcodMarker.csproj", "{D0308783-7D6D-4480-9F8E-C225966EF06D}"
EndProject
Global
	GlobalSection(SolutionConfigurationPlatforms) = preSolution
		Debug|Any CPU = Debug|Any CPU
		Release|Any CPU = Release|Any CPU
	EndGlobalSection
	GlobalSection(ProjectConfigurationPlatforms) = postSolution
		{D0308783-7D6D-4480-9F8E-C225966EF06D}.Debug|Any CPU.ActiveCfg = Debug|Any CPU
		{D0308783-7D6D-4480-9F8E-C225966EF06D}.Debug|Any CPU.Build.0 = Debug|Any CPU
		{D0308783-7D6D-4480-9F8E-C225966EF06D}.Release|Any CPU.ActiveCfg = Release|Any CPU
		{D0308783-7D6D-4480-9F8E-C225966EF06D}.Release|Any CPU.Build.0 = Release|Any CPU
	EndGlobalSection
	GlobalSection(SolutionProperties) = preSolution
		HideSolutionNode = FALSE
	EndGlobalSection
EndGlobal
